
Microsoft Visual Studio Solution File, Format Version 12.00
# Visual Studio 2012
Project("{FAE04EC0-301F-11D3-BF4B-00C04F79EFBC}") = "patient_portal", "patient_portal\patient_portal.csproj", "{A07A8E59-8276-467F-8CF0-6F7C5DBBF2B4}"
EndProject
Project("{2150E333-8FDC-42A3-9474-1A3956D46DE8}") = ".nuget", ".nuget", "{9808351E-DFDA-4A29-9D3A-DFF88891C5F6}"
	ProjectSection(SolutionItems) = preProject
		.nuget\NuGet.Config = .nuget\NuGet.Config
		.nuget\NuGet.exe = .nuget\NuGet.exe
		.nuget\NuGet.targets = .nuget\NuGet.targets
	EndProjectSection
EndProject
Global
	GlobalSection(SolutionConfigurationPlatforms) = preSolution
		Debug|Any CPU = Debug|Any CPU
		GEMM-production|Any CPU = GEMM-production|Any CPU
		GEMM-test|Any CPU = GEMM-test|Any CPU
	EndGlobalSection
	GlobalSection(ProjectConfigurationPlatforms) = postSolution
		{A07A8E59-8276-467F-8CF0-6F7C5DBBF2B4}.Debug|Any CPU.ActiveCfg = Debug|Any CPU
		{A07A8E59-8276-467F-8CF0-6F7C5DBBF2B4}.Debug|Any CPU.Build.0 = Debug|Any CPU
		{A07A8E59-8276-467F-8CF0-6F7C5DBBF2B4}.GEMM-production|Any CPU.ActiveCfg = GEMM-production|Any CPU
		{A07A8E59-8276-467F-8CF0-6F7C5DBBF2B4}.GEMM-production|Any CPU.Build.0 = GEMM-production|Any CPU
		{A07A8E59-8276-467F-8CF0-6F7C5DBBF2B4}.GEMM-test|Any CPU.ActiveCfg = GEMM-test|Any CPU
		{A07A8E59-8276-467F-8CF0-6F7C5DBBF2B4}.GEMM-test|Any CPU.Build.0 = GEMM-test|Any CPU
	EndGlobalSection
	GlobalSection(SolutionProperties) = preSolution
		HideSolutionNode = FALSE
	EndGlobalSection
	GlobalSection(ExtensibilityGlobals) = postSolution
		EnterpriseLibraryConfigurationToolBinariesPath = packages\Unity.2.1.505.2\lib\NET35
	EndGlobalSection
EndGlobal
